
Microsoft Visual Studio Solution File, Format Version 12.00
# Visual Studio 14
VisualStudioVersion = 14.0.25420.1
MinimumVisualStudioVersion = 10.0.40219.1
Project("{FAE04EC0-301F-11D3-BF4B-00C04F79EFBC}") = "PeopleSearchApp", "PeopleSearchApp\PeopleSearchApp.csproj", "{02885DBE-FBDC-4934-8C57-9071920F4791}"
EndProject
Project("{FAE04EC0-301F-11D3-BF4B-00C04F79EFBC}") = "PeopleSearchApp.Tests", "PeopleSearchApp.Tests\PeopleSearchApp.Tests.csproj", "{D5B01FE3-8296-47C5-98E3-DE8282D81E55}"
EndProject
Global
	GlobalSection(SolutionConfigurationPlatforms) = preSolution
		Debug|Any CPU = Debug|Any CPU
		Release|Any CPU = Release|Any CPU
	EndGlobalSection
	GlobalSection(ProjectConfigurationPlatforms) = postSolution
		{02885DBE-FBDC-4934-8C57-9071920F4791}.Debug|Any CPU.ActiveCfg = Debug|Any CPU
		{02885DBE-FBDC-4934-8C57-9071920F4791}.Debug|Any CPU.Build.0 = Debug|Any CPU
		{02885DBE-FBDC-4934-8C57-9071920F4791}.Release|Any CPU.ActiveCfg = Release|Any CPU
		{02885DBE-FBDC-4934-8C57-9071920F4791}.Release|Any CPU.Build.0 = Release|Any CPU
		{D5B01FE3-8296-47C5-98E3-DE8282D81E55}.Debug|Any CPU.ActiveCfg = Debug|Any CPU
		{D5B01FE3-8296-47C5-98E3-DE8282D81E55}.Debug|Any CPU.Build.0 = Debug|Any CPU
		{D5B01FE3-8296-47C5-98E3-DE8282D81E55}.Release|Any CPU.ActiveCfg = Release|Any CPU
		{D5B01FE3-8296-47C5-98E3-DE8282D81E55}.Release|Any CPU.Build.0 = Release|Any CPU
	EndGlobalSection
	GlobalSection(SolutionProperties) = preSolution
		HideSolutionNode = FALSE
	EndGlobalSection
EndGlobal
